// !$*UTF8*$!
{
	archiveVersion = 1;
	classes = {
	};
	objectVersion = 50;
	objects = {

/* Begin PBXBuildFile section */
		D7DF1ED2216F162C0029A707 /* AppDelegate.swift in Sources */ = {isa = PBXBuildFile; fileRef = D7DF1ED1216F162C0029A707 /* AppDelegate.swift */; };
		D7DF1ED4216F162C0029A707 /* ViewController.swift in Sources */ = {isa = PBXBuildFile; fileRef = D7DF1ED3216F162C0029A707 /* ViewController.swift */; };
		D7DF1ED7216F162C0029A707 /* Main.storyboard in Resources */ = {isa = PBXBuildFile; fileRef = D7DF1ED5216F162C0029A707 /* Main.storyboard */; };
		D7DF1ED9216F16330029A707 /* Assets.xcassets in Resources */ = {isa = PBXBuildFile; fileRef = D7DF1ED8216F16330029A707 /* Assets.xcassets */; };
		D7DF1EDC216F16330029A707 /* LaunchScreen.storyboard in Resources */ = {isa = PBXBuildFile; fileRef = D7DF1EDA216F16330029A707 /* LaunchScreen.storyboard */; };
		D7DF1EF3216F16E60029A707 /* Extensions.swift in Sources */ = {isa = PBXBuildFile; fileRef = D7DF1EF2216F16E60029A707 /* Extensions.swift */; };
		D7DF1EF5216F16F30029A707 /* Protocols.swift in Sources */ = {isa = PBXBuildFile; fileRef = D7DF1EF4216F16F30029A707 /* Protocols.swift */; };
		D7DF1EF7216F17100029A707 /* Constants.swift in Sources */ = {isa = PBXBuildFile; fileRef = D7DF1EF6216F17100029A707 /* Constants.swift */; };
		D7DF1EF9216F172C0029A707 /* RequestBuilder.swift in Sources */ = {isa = PBXBuildFile; fileRef = D7DF1EF8216F172C0029A707 /* RequestBuilder.swift */; };
		D7DF1EFB216F17AC0029A707 /* S3Encoder.swift in Sources */ = {isa = PBXBuildFile; fileRef = D7DF1EFA216F17AC0029A707 /* S3Encoder.swift */; };
		D7DF1EFD216F17F80029A707 /* HMACSHA256.swift in Sources */ = {isa = PBXBuildFile; fileRef = D7DF1EFC216F17F80029A707 /* HMACSHA256.swift */; };
		D7DF1F05216F1F160029A707 /* myImage1.zip in Resources */ = {isa = PBXBuildFile; fileRef = D7DF1F04216F1F160029A707 /* myImage1.zip */; };
		D7DF1F07216F21370029A707 /* MACSHA256Tests.swift in Sources */ = {isa = PBXBuildFile; fileRef = D7DF1F06216F21370029A707 /* MACSHA256Tests.swift */; };
		D7DF1F09216F22470029A707 /* DateExtensionTests.swift in Sources */ = {isa = PBXBuildFile; fileRef = D7DF1F08216F22470029A707 /* DateExtensionTests.swift */; };
		D7DF1F0B216F22D30029A707 /* S3EncoderTests.swift in Sources */ = {isa = PBXBuildFile; fileRef = D7DF1F0A216F22D30029A707 /* S3EncoderTests.swift */; };
/* End PBXBuildFile section */

/* Begin PBXContainerItemProxy section */
		D7DF1EE3216F16330029A707 /* PBXContainerItemProxy */ = {
			isa = PBXContainerItemProxy;
			containerPortal = D7DF1EC6216F162C0029A707 /* Project object */;
			proxyType = 1;
			remoteGlobalIDString = D7DF1ECD216F162C0029A707;
			remoteInfo = S3FileUploadSignv4iOS;
		};
/* End PBXContainerItemProxy section */

/* Begin PBXFileReference section */
		D7DF1ECE216F162C0029A707 /* S3FileUploadSignv4iOS.app */ = {isa = PBXFileReference; explicitFileType = wrapper.application; includeInIndex = 0; path = S3FileUploadSignv4iOS.app; sourceTree = BUILT_PRODUCTS_DIR; };
		D7DF1ED1216F162C0029A707 /* AppDelegate.swift */ = {isa = PBXFileReference; lastKnownFileType = sourcecode.swift; path = AppDelegate.swift; sourceTree = "<group>"; };
		D7DF1ED3216F162C0029A707 /* ViewController.swift */ = {isa = PBXFileReference; lastKnownFileType = sourcecode.swift; path = ViewController.swift; sourceTree = "<group>"; };
		D7DF1ED6216F162C0029A707 /* Base */ = {isa = PBXFileReference; lastKnownFileType = file.storyboard; name = Base; path = Base.lproj/Main.storyboard; sourceTree = "<group>"; };
		D7DF1ED8216F16330029A707 /* Assets.xcassets */ = {isa = PBXFileReference; lastKnownFileType = folder.assetcatalog; path = Assets.xcassets; sourceTree = "<group>"; };
		D7DF1EDB216F16330029A707 /* Base */ = {isa = PBXFileReference; lastKnownFileType = file.storyboard; name = Base; path = Base.lproj/LaunchScreen.storyboard; sourceTree = "<group>"; };
		D7DF1EDD216F16330029A707 /* Info.plist */ = {isa = PBXFileReference; lastKnownFileType = text.plist.xml; path = Info.plist; sourceTree = "<group>"; };
		D7DF1EE2216F16330029A707 /* S3FileUploadSignv4iOSTests.xctest */ = {isa = PBXFileReference; explicitFileType = wrapper.cfbundle; includeInIndex = 0; path = S3FileUploadSignv4iOSTests.xctest; sourceTree = BUILT_PRODUCTS_DIR; };
		D7DF1EE8216F16330029A707 /* Info.plist */ = {isa = PBXFileReference; lastKnownFileType = text.plist.xml; path = Info.plist; sourceTree = "<group>"; };
		D7DF1EF2216F16E60029A707 /* Extensions.swift */ = {isa = PBXFileReference; lastKnownFileType = sourcecode.swift; path = Extensions.swift; sourceTree = "<group>"; };
		D7DF1EF4216F16F30029A707 /* Protocols.swift */ = {isa = PBXFileReference; lastKnownFileType = sourcecode.swift; path = Protocols.swift; sourceTree = "<group>"; };
		D7DF1EF6216F17100029A707 /* Constants.swift */ = {isa = PBXFileReference; lastKnownFileType = sourcecode.swift; path = Constants.swift; sourceTree = "<group>"; };
		D7DF1EF8216F172C0029A707 /* RequestBuilder.swift */ = {isa = PBXFileReference; lastKnownFileType = sourcecode.swift; path = RequestBuilder.swift; sourceTree = "<group>"; };
		D7DF1EFA216F17AC0029A707 /* S3Encoder.swift */ = {isa = PBXFileReference; lastKnownFileType = sourcecode.swift; path = S3Encoder.swift; sourceTree = "<group>"; };
		D7DF1EFC216F17F80029A707 /* HMACSHA256.swift */ = {isa = PBXFileReference; lastKnownFileType = sourcecode.swift; path = HMACSHA256.swift; sourceTree = "<group>"; };
		D7DF1F03216F188D0029A707 /* S3FileUploadSignv4iOS-Bridging-Header.h */ = {isa = PBXFileReference; fileEncoding = 4; lastKnownFileType = sourcecode.c.h; path = "S3FileUploadSignv4iOS-Bridging-Header.h"; sourceTree = "<group>"; };
		D7DF1F04216F1F160029A707 /* myImage1.zip */ = {isa = PBXFileReference; lastKnownFileType = archive.zip; path = myImage1.zip; sourceTree = "<group>"; };
		D7DF1F06216F21370029A707 /* MACSHA256Tests.swift */ = {isa = PBXFileReference; lastKnownFileType = sourcecode.swift; path = MACSHA256Tests.swift; sourceTree = "<group>"; };
		D7DF1F08216F22470029A707 /* DateExtensionTests.swift */ = {isa = PBXFileReference; lastKnownFileType = sourcecode.swift; path = DateExtensionTests.swift; sourceTree = "<group>"; };
		D7DF1F0A216F22D30029A707 /* S3EncoderTests.swift */ = {isa = PBXFileReference; lastKnownFileType = sourcecode.swift; path = S3EncoderTests.swift; sourceTree = "<group>"; };
/* End PBXFileReference section */

/* Begin PBXFrameworksBuildPhase section */
		D7DF1ECB216F162C0029A707 /* Frameworks */ = {
			isa = PBXFrameworksBuildPhase;
			buildActionMask = 2147483647;
			files = (
			);
			runOnlyForDeploymentPostprocessing = 0;
		};
		D7DF1EDF216F16330029A707 /* Frameworks */ = {
			isa = PBXFrameworksBuildPhase;
			buildActionMask = 2147483647;
			files = (
			);
			runOnlyForDeploymentPostprocessing = 0;
		};
/* End PBXFrameworksBuildPhase section */

/* Begin PBXGroup section */
		D7DF1EC5216F162C0029A707 = {
			isa = PBXGroup;
			children = (
				D7DF1ED0216F162C0029A707 /* S3FileUploadSignv4iOS */,
				D7DF1EE5216F16330029A707 /* S3FileUploadSignv4iOSTests */,
				D7DF1ECF216F162C0029A707 /* Products */,
			);
			sourceTree = "<group>";
		};
		D7DF1ECF216F162C0029A707 /* Products */ = {
			isa = PBXGroup;
			children = (
				D7DF1ECE216F162C0029A707 /* S3FileUploadSignv4iOS.app */,
				D7DF1EE2216F16330029A707 /* S3FileUploadSignv4iOSTests.xctest */,
			);
			name = Products;
			sourceTree = "<group>";
		};
		D7DF1ED0216F162C0029A707 /* S3FileUploadSignv4iOS */ = {
			isa = PBXGroup;
			children = (
				D7DF1EF1216F166D0029A707 /* FileUploader */,
				D7DF1ED1216F162C0029A707 /* AppDelegate.swift */,
				D7DF1ED3216F162C0029A707 /* ViewController.swift */,
				D7DF1F04216F1F160029A707 /* myImage1.zip */,
				D7DF1ED5216F162C0029A707 /* Main.storyboard */,
				D7DF1ED8216F16330029A707 /* Assets.xcassets */,
				D7DF1EDA216F16330029A707 /* LaunchScreen.storyboard */,
				D7DF1EDD216F16330029A707 /* Info.plist */,
				D7DF1F03216F188D0029A707 /* S3FileUploadSignv4iOS-Bridging-Header.h */,
			);
			path = S3FileUploadSignv4iOS;
			sourceTree = "<group>";
		};
		D7DF1EE5216F16330029A707 /* S3FileUploadSignv4iOSTests */ = {
			isa = PBXGroup;
			children = (
				D7DF1EE8216F16330029A707 /* Info.plist */,
				D7DF1F06216F21370029A707 /* MACSHA256Tests.swift */,
				D7DF1F08216F22470029A707 /* DateExtensionTests.swift */,
				D7DF1F0A216F22D30029A707 /* S3EncoderTests.swift */,
			);
			path = S3FileUploadSignv4iOSTests;
			sourceTree = "<group>";
		};
		D7DF1EF1216F166D0029A707 /* FileUploader */ = {
			isa = PBXGroup;
			children = (
				D7DF1EF2216F16E60029A707 /* Extensions.swift */,
				D7DF1EF4216F16F30029A707 /* Protocols.swift */,
				D7DF1EF6216F17100029A707 /* Constants.swift */,
				D7DF1EF8216F172C0029A707 /* RequestBuilder.swift */,
				D7DF1EFA216F17AC0029A707 /* S3Encoder.swift */,
				D7DF1EFC216F17F80029A707 /* HMACSHA256.swift */,
			);
			path = FileUploader;
			sourceTree = "<group>";
		};
/* End PBXGroup section */

/* Begin PBXNativeTarget section */
		D7DF1ECD216F162C0029A707 /* S3FileUploadSignv4iOS */ = {
			isa = PBXNativeTarget;
			buildConfigurationList = D7DF1EEB216F16330029A707 /* Build configuration list for PBXNativeTarget "S3FileUploadSignv4iOS" */;
			buildPhases = (
				D7DF1ECA216F162C0029A707 /* Sources */,
				D7DF1ECB216F162C0029A707 /* Frameworks */,
				D7DF1ECC216F162C0029A707 /* Resources */,
			);
			buildRules = (
			);
			dependencies = (
			);
			name = S3FileUploadSignv4iOS;
			productName = S3FileUploadSignv4iOS;
			productReference = D7DF1ECE216F162C0029A707 /* S3FileUploadSignv4iOS.app */;
			productType = "com.apple.product-type.application";
		};
		D7DF1EE1216F16330029A707 /* S3FileUploadSignv4iOSTests */ = {
			isa = PBXNativeTarget;
			buildConfigurationList = D7DF1EEE216F16330029A707 /* Build configuration list for PBXNativeTarget "S3FileUploadSignv4iOSTests" */;
			buildPhases = (
				D7DF1EDE216F16330029A707 /* Sources */,
				D7DF1EDF216F16330029A707 /* Frameworks */,
				D7DF1EE0216F16330029A707 /* Resources */,
			);
			buildRules = (
			);
			dependencies = (
				D7DF1EE4216F16330029A707 /* PBXTargetDependency */,
			);
			name = S3FileUploadSignv4iOSTests;
			productName = S3FileUploadSignv4iOSTests;
			productReference = D7DF1EE2216F16330029A707 /* S3FileUploadSignv4iOSTests.xctest */;
			productType = "com.apple.product-type.bundle.unit-test";
		};
/* End PBXNativeTarget section */

/* Begin PBXProject section */
		D7DF1EC6216F162C0029A707 /* Project object */ = {
			isa = PBXProject;
			attributes = {
				LastSwiftUpdateCheck = 0940;
				LastUpgradeCheck = 0940;
				ORGANIZATIONNAME = "Avadesh Kumar";
				TargetAttributes = {
					D7DF1ECD216F162C0029A707 = {
						CreatedOnToolsVersion = 9.4.1;
						LastSwiftMigration = 0940;
					};
					D7DF1EE1216F16330029A707 = {
						CreatedOnToolsVersion = 9.4.1;
						TestTargetID = D7DF1ECD216F162C0029A707;
					};
				};
			};
			buildConfigurationList = D7DF1EC9216F162C0029A707 /* Build configuration list for PBXProject "S3FileUploadSignv4iOS" */;
			compatibilityVersion = "Xcode 9.3";
			developmentRegion = en;
			hasScannedForEncodings = 0;
			knownRegions = (
				en,
				Base,
			);
			mainGroup = D7DF1EC5216F162C0029A707;
			productRefGroup = D7DF1ECF216F162C0029A707 /* Products */;
			projectDirPath = "";
			projectRoot = "";
			targets = (
				D7DF1ECD216F162C0029A707 /* S3FileUploadSignv4iOS */,
				D7DF1EE1216F16330029A707 /* S3FileUploadSignv4iOSTests */,
			);
		};
/* End PBXProject section */

/* Begin PBXResourcesBuildPhase section */
		D7DF1ECC216F162C0029A707 /* Resources */ = {
			isa = PBXResourcesBuildPhase;
			buildActionMask = 2147483647;
			files = (
				D7DF1EDC216F16330029A707 /* LaunchScreen.storyboard in Resources */,
				D7DF1ED9216F16330029A707 /* Assets.xcassets in Resources */,
				D7DF1ED7216F162C0029A707 /* Main.storyboard in Resources */,
				D7DF1F05216F1F160029A707 /* myImage1.zip in Resources */,
			);
			runOnlyForDeploymentPostprocessing = 0;
		};
		D7DF1EE0216F16330029A707 /* Resources */ = {
			isa = PBXResourcesBuildPhase;
			buildActionMask = 2147483647;
			files = (
			);
			runOnlyForDeploymentPostprocessing = 0;
		};
/* End PBXResourcesBuildPhase section */

/* Begin PBXSourcesBuildPhase section */
		D7DF1ECA216F162C0029A707 /* Sources */ = {
			isa = PBXSourcesBuildPhase;
			buildActionMask = 2147483647;
			files = (
				D7DF1EF7216F17100029A707 /* Constants.swift in Sources */,
				D7DF1ED4216F162C0029A707 /* ViewController.swift in Sources */,
				D7DF1EFB216F17AC0029A707 /* S3Encoder.swift in Sources */,
				D7DF1EF3216F16E60029A707 /* Extensions.swift in Sources */,
				D7DF1EF9216F172C0029A707 /* RequestBuilder.swift in Sources */,
				D7DF1EFD216F17F80029A707 /* HMACSHA256.swift in Sources */,
				D7DF1ED2216F162C0029A707 /* AppDelegate.swift in Sources */,
				D7DF1EF5216F16F30029A707 /* Protocols.swift in Sources */,
			);
			runOnlyForDeploymentPostprocessing = 0;
		};
		D7DF1EDE216F16330029A707 /* Sources */ = {
			isa = PBXSourcesBuildPhase;
			buildActionMask = 2147483647;
			files = (
				D7DF1F0B216F22D30029A707 /* S3EncoderTests.swift in Sources */,
				D7DF1F07216F21370029A707 /* MACSHA256Tests.swift in Sources */,
				D7DF1F09216F22470029A707 /* DateExtensionTests.swift in Sources */,
			);
			runOnlyForDeploymentPostprocessing = 0;
		};
/* End PBXSourcesBuildPhase section */

/* Begin PBXTargetDependency section */
		D7DF1EE4216F16330029A707 /* PBXTargetDependency */ = {
			isa = PBXTargetDependency;
			target = D7DF1ECD216F162C0029A707 /* S3FileUploadSignv4iOS */;
			targetProxy = D7DF1EE3216F16330029A707 /* PBXContainerItemProxy */;
		};
/* End PBXTargetDependency section */

/* Begin PBXVariantGroup section */
		D7DF1ED5216F162C0029A707 /* Main.storyboard */ = {
			isa = PBXVariantGroup;
			children = (
				D7DF1ED6216F162C0029A707 /* Base */,
			);
			name = Main.storyboard;
			sourceTree = "<group>";
		};
		D7DF1EDA216F16330029A707 /* LaunchScreen.storyboard */ = {
			isa = PBXVariantGroup;
			children = (
				D7DF1EDB216F16330029A707 /* Base */,
			);
			name = LaunchScreen.storyboard;
			sourceTree = "<group>";
		};
/* End PBXVariantGroup section */

/* Begin XCBuildConfiguration section */
		D7DF1EE9216F16330029A707 /* Debug */ = {
			isa = XCBuildConfiguration;
			buildSettings = {
				ALWAYS_SEARCH_USER_PATHS = NO;
				CLANG_ANALYZER_NONNULL = YES;
				CLANG_ANALYZER_NUMBER_OBJECT_CONVERSION = YES_AGGRESSIVE;
				CLANG_CXX_LANGUAGE_STANDARD = "gnu++14";
				CLANG_CXX_LIBRARY = "libc++";
				CLANG_ENABLE_MODULES = YES;
				CLANG_ENABLE_OBJC_ARC = YES;
				CLANG_ENABLE_OBJC_WEAK = YES;
				CLANG_WARN_BLOCK_CAPTURE_AUTORELEASING = YES;
				CLANG_WARN_BOOL_CONVERSION = YES;
				CLANG_WARN_COMMA = YES;
				CLANG_WARN_CONSTANT_CONVERSION = YES;
				CLANG_WARN_DEPRECATED_OBJC_IMPLEMENTATIONS = YES;
				CLANG_WARN_DIRECT_OBJC_ISA_USAGE = YES_ERROR;
				CLANG_WARN_DOCUMENTATION_COMMENTS = YES;
				CLANG_WARN_EMPTY_BODY = YES;
				CLANG_WARN_ENUM_CONVERSION = YES;
				CLANG_WARN_INFINITE_RECURSION = YES;
				CLANG_WARN_INT_CONVERSION = YES;
				CLANG_WARN_NON_LITERAL_NULL_CONVERSION = YES;
				CLANG_WARN_OBJC_IMPLICIT_RETAIN_SELF = YES;
				CLANG_WARN_OBJC_LITERAL_CONVERSION = YES;
				CLANG_WARN_OBJC_ROOT_CLASS = YES_ERROR;
				CLANG_WARN_RANGE_LOOP_ANALYSIS = YES;
				CLANG_WARN_STRICT_PROTOTYPES = YES;
				CLANG_WARN_SUSPICIOUS_MOVE = YES;
				CLANG_WARN_UNGUARDED_AVAILABILITY = YES_AGGRESSIVE;
				CLANG_WARN_UNREACHABLE_CODE = YES;
				CLANG_WARN__DUPLICATE_METHOD_MATCH = YES;
				CODE_SIGN_IDENTITY = "iPhone Developer";
				COPY_PHASE_STRIP = NO;
				DEBUG_INFORMATION_FORMAT = dwarf;
				ENABLE_STRICT_OBJC_MSGSEND = YES;
				ENABLE_TESTABILITY = YES;
				GCC_C_LANGUAGE_STANDARD = gnu11;
				GCC_DYNAMIC_NO_PIC = NO;
				GCC_NO_COMMON_BLOCKS = YES;
				GCC_OPTIMIZATION_LEVEL = 0;
				GCC_PREPROCESSOR_DEFINITIONS = (
					"DEBUG=1",
					"$(inherited)",
				);
				GCC_WARN_64_TO_32_BIT_CONVERSION = YES;
				GCC_WARN_ABOUT_RETURN_TYPE = YES_ERROR;
				GCC_WARN_UNDECLARED_SELECTOR = YES;
				GCC_WARN_UNINITIALIZED_AUTOS = YES_AGGRESSIVE;
				GCC_WARN_UNUSED_FUNCTION = YES;
				GCC_WARN_UNUSED_VARIABLE = YES;
				IPHONEOS_DEPLOYMENT_TARGET = 11.4;
				MTL_ENABLE_DEBUG_INFO = YES;
				ONLY_ACTIVE_ARCH = YES;
				SDKROOT = iphoneos;
				SWIFT_ACTIVE_COMPILATION_CONDITIONS = DEBUG;
				SWIFT_OPTIMIZATION_LEVEL = "-Onone";
			};
			name = Debug;
		};
		D7DF1EEA216F16330029A707 /* Release */ = {
			isa = XCBuildConfiguration;
			buildSettings = {
				ALWAYS_SEARCH_USER_PATHS = NO;
				CLANG_ANALYZER_NONNULL = YES;
				CLANG_ANALYZER_NUMBER_OBJECT_CONVERSION = YES_AGGRESSIVE;
				CLANG_CXX_LANGUAGE_STANDARD = "gnu++14";
				CLANG_CXX_LIBRARY = "libc++";
				CLANG_ENABLE_MODULES = YES;
				CLANG_ENABLE_OBJC_ARC = YES;
				CLANG_ENABLE_OBJC_WEAK = YES;
				CLANG_WARN_BLOCK_CAPTURE_AUTORELEASING = YES;
				CLANG_WARN_BOOL_CONVERSION = YES;
				CLANG_WARN_COMMA = YES;
				CLANG_WARN_CONSTANT_CONVERSION = YES;
				CLANG_WARN_DEPRECATED_OBJC_IMPLEMENTATIONS = YES;
				CLANG_WARN_DIRECT_OBJC_ISA_USAGE = YES_ERROR;
				CLANG_WARN_DOCUMENTATION_COMMENTS = YES;
				CLANG_WARN_EMPTY_BODY = YES;
				CLANG_WARN_ENUM_CONVERSION = YES;
				CLANG_WARN_INFINITE_RECURSION = YES;
				CLANG_WARN_INT_CONVERSION = YES;
				CLANG_WARN_NON_LITERAL_NULL_CONVERSION = YES;
				CLANG_WARN_OBJC_IMPLICIT_RETAIN_SELF = YES;
				CLANG_WARN_OBJC_LITERAL_CONVERSION = YES;
				CLANG_WARN_OBJC_ROOT_CLASS = YES_ERROR;
				CLANG_WARN_RANGE_LOOP_ANALYSIS = YES;
				CLANG_WARN_STRICT_PROTOTYPES = YES;
				CLANG_WARN_SUSPICIOUS_MOVE = YES;
				CLANG_WARN_UNGUARDED_AVAILABILITY = YES_AGGRESSIVE;
				CLANG_WARN_UNREACHABLE_CODE = YES;
				CLANG_WARN__DUPLICATE_METHOD_MATCH = YES;
				CODE_SIGN_IDENTITY = "iPhone Developer";
				COPY_PHASE_STRIP = NO;
				DEBUG_INFORMATION_FORMAT = "dwarf-with-dsym";
				ENABLE_NS_ASSERTIONS = NO;
				ENABLE_STRICT_OBJC_MSGSEND = YES;
				GCC_C_LANGUAGE_STANDARD = gnu11;
				GCC_NO_COMMON_BLOCKS = YES;
				GCC_WARN_64_TO_32_BIT_CONVERSION = YES;
				GCC_WARN_ABOUT_RETURN_TYPE = YES_ERROR;
				GCC_WARN_UNDECLARED_SELECTOR = YES;
				GCC_WARN_UNINITIALIZED_AUTOS = YES_AGGRESSIVE;
				GCC_WARN_UNUSED_FUNCTION = YES;
				GCC_WARN_UNUSED_VARIABLE = YES;
				IPHONEOS_DEPLOYMENT_TARGET = 11.4;
				MTL_ENABLE_DEBUG_INFO = NO;
				SDKROOT = iphoneos;
				SWIFT_COMPILATION_MODE = wholemodule;
				SWIFT_OPTIMIZATION_LEVEL = "-O";
				VALIDATE_PRODUCT = YES;
			};
			name = Release;
		};
		D7DF1EEC216F16330029A707 /* Debug */ = {
			isa = XCBuildConfiguration;
			buildSettings = {
				ASSETCATALOG_COMPILER_APPICON_NAME = AppIcon;
				CLANG_ENABLE_MODULES = YES;
				CODE_SIGN_STYLE = Automatic;
				INFOPLIST_FILE = S3FileUploadSignv4iOS/Info.plist;
				LD_RUNPATH_SEARCH_PATHS = (
					"$(inherited)",
					"@executable_path/Frameworks",
				);
				PRODUCT_BUNDLE_IDENTIFIER = com.avadesh.S3FileUploadSignv4iOS;
				PRODUCT_NAME = "$(TARGET_NAME)";
				SWIFT_OBJC_BRIDGING_HEADER = "S3FileUploadSignv4iOS/S3FileUploadSignv4iOS-Bridging-Header.h";
				SWIFT_OPTIMIZATION_LEVEL = "-Onone";
				SWIFT_VERSION = 4.0;
				TARGETED_DEVICE_FAMILY = "1,2";
			};
			name = Debug;
		};
		D7DF1EED216F16330029A707 /* Release */ = {
			isa = XCBuildConfiguration;
			buildSettings = {
				ASSETCATALOG_COMPILER_APPICON_NAME = AppIcon;
				CLANG_ENABLE_MODULES = YES;
				CODE_SIGN_STYLE = Automatic;
				INFOPLIST_FILE = S3FileUploadSignv4iOS/Info.plist;
				LD_RUNPATH_SEARCH_PATHS = (
					"$(inherited)",
					"@executable_path/Frameworks",
				);
				PRODUCT_BUNDLE_IDENTIFIER = com.avadesh.S3FileUploadSignv4iOS;
				PRODUCT_NAME = "$(TARGET_NAME)";
				SWIFT_OBJC_BRIDGING_HEADER = "S3FileUploadSignv4iOS/S3FileUploadSignv4iOS-Bridging-Header.h";
				SWIFT_VERSION = 4.0;
				TARGETED_DEVICE_FAMILY = "1,2";
			};
			name = Release;
		};
		D7DF1EEF216F16330029A707 /* Debug */ = {
			isa = XCBuildConfiguration;
			buildSettings = {
				ALWAYS_EMBED_SWIFT_STANDARD_LIBRARIES = YES;
				BUNDLE_LOADER = "$(TEST_HOST)";
				CODE_SIGN_STYLE = Automatic;
				INFOPLIST_FILE = S3FileUploadSignv4iOSTests/Info.plist;
				LD_RUNPATH_SEARCH_PATHS = (
					"$(inherited)",
					"@executable_path/Frameworks",
					"@loader_path/Frameworks",
				);
				PRODUCT_BUNDLE_IDENTIFIER = com.avadesh.S3FileUploadSignv4iOSTests;
				PRODUCT_NAME = "$(TARGET_NAME)";
				SWIFT_VERSION = 4.0;
				TARGETED_DEVICE_FAMILY = "1,2";
				TEST_HOST = "$(BUILT_PRODUCTS_DIR)/S3FileUploadSignv4iOS.app/S3FileUploadSignv4iOS";
			};
			name = Debug;
		};
		D7DF1EF0216F16330029A707 /* Release */ = {
			isa = XCBuildConfiguration;
			buildSettings = {
				ALWAYS_EMBED_SWIFT_STANDARD_LIBRARIES = YES;
				BUNDLE_LOADER = "$(TEST_HOST)";
				CODE_SIGN_STYLE = Automatic;
				INFOPLIST_FILE = S3FileUploadSignv4iOSTests/Info.plist;
				LD_RUNPATH_SEARCH_PATHS = (
					"$(inherited)",
					"@executable_path/Frameworks",
					"@loader_path/Frameworks",
				);
				PRODUCT_BUNDLE_IDENTIFIER = com.avadesh.S3FileUploadSignv4iOSTests;
				PRODUCT_NAME = "$(TARGET_NAME)";
				SWIFT_VERSION = 4.0;
				TARGETED_DEVICE_FAMILY = "1,2";
				TEST_HOST = "$(BUILT_PRODUCTS_DIR)/S3FileUploadSignv4iOS.app/S3FileUploadSignv4iOS";
			};
			name = Release;
		};
/* End XCBuildConfiguration section */

/* Begin XCConfigurationList section */
		D7DF1EC9216F162C0029A707 /* Build configuration list for PBXProject "S3FileUploadSignv4iOS" */ = {
			isa = XCConfigurationList;
			buildConfigurations = (
				D7DF1EE9216F16330029A707 /* Debug */,
				D7DF1EEA216F16330029A707 /* Release */,
			);
			defaultConfigurationIsVisible = 0;
			defaultConfigurationName = Release;
		};
		D7DF1EEB216F16330029A707 /* Build configuration list for PBXNativeTarget "S3FileUploadSignv4iOS" */ = {
			isa = XCConfigurationList;
			buildConfigurations = (
				D7DF1EEC216F16330029A707 /* Debug */,
				D7DF1EED216F16330029A707 /* Release */,
			);
			defaultConfigurationIsVisible = 0;
			defaultConfigurationName = Release;
		};
		D7DF1EEE216F16330029A707 /* Build configuration list for PBXNativeTarget "S3FileUploadSignv4iOSTests" */ = {
			isa = XCConfigurationList;
			buildConfigurations = (
				D7DF1EEF216F16330029A707 /* Debug */,
				D7DF1EF0216F16330029A707 /* Release */,
			);
			defaultConfigurationIsVisible = 0;
			defaultConfigurationName = Release;
		};
/* End XCConfigurationList section */
	};
	rootObject = D7DF1EC6216F162C0029A707 /* Project object */;
}
